
Microsoft Visual Studio Solution File, Format Version 12.00
# Visual Studio Version 17
VisualStudioVersion = 17.0.31903.59
MinimumVisualStudioVersion = 10.0.40219.1
Project("{9A19103F-16F7-4668-BE54-9A1E7A4F7556}") = "InkjetOperator", "InkjetOperator\InkjetOperator.csproj", "{1088FC8B-2763-404F-AEA2-10EBB7ED214D}"
EndProject
Project("{54435603-DBB4-11D2-8724-00A0C9A8B90C}") = "CompactDemo", "CompactDemo\CompactDemo.vdproj", "{B7AE272A-1E00-4F9D-AF2F-6524C13B9575}"
EndProject
Global
	GlobalSection(SolutionConfigurationPlatforms) = preSolution
		Debug|Any CPU = Debug|Any CPU
		Debug|x64 = Debug|x64
		Debug|x86 = Debug|x86
		Release|Any CPU = Release|Any CPU
		Release|x64 = Release|x64
		Release|x86 = Release|x86
	EndGlobalSection
	GlobalSection(ProjectConfigurationPlatforms) = postSolution
		{1088FC8B-2763-404F-AEA2-10EBB7ED214D}.Debug|Any CPU.ActiveCfg = Debug|Any CPU
		{1088FC8B-2763-404F-AEA2-10EBB7ED214D}.Debug|Any CPU.Build.0 = Debug|Any CPU
		{1088FC8B-2763-404F-AEA2-10EBB7ED214D}.Debug|x64.ActiveCfg = Debug|Any CPU
		{1088FC8B-2763-404F-AEA2-10EBB7ED214D}.Debug|x64.Build.0 = Debug|Any CPU
		{1088FC8B-2763-404F-AEA2-10EBB7ED214D}.Debug|x86.ActiveCfg = Debug|Any CPU
		{1088FC8B-2763-404F-AEA2-10EBB7ED214D}.Debug|x86.Build.0 = Debug|Any CPU
		{1088FC8B-2763-404F-AEA2-10EBB7ED214D}.Release|Any CPU.ActiveCfg = Release|Any CPU
		{1088FC8B-2763-404F-AEA2-10EBB7ED214D}.Release|Any CPU.Build.0 = Release|Any CPU
		{1088FC8B-2763-404F-AEA2-10EBB7ED214D}.Release|x64.ActiveCfg = Release|Any CPU
		{1088FC8B-2763-404F-AEA2-10EBB7ED214D}.Release|x64.Build.0 = Release|Any CPU
		{1088FC8B-2763-404F-AEA2-10EBB7ED214D}.Release|x86.ActiveCfg = Release|Any CPU
		{1088FC8B-2763-404F-AEA2-10EBB7ED214D}.Release|x86.Build.0 = Release|Any CPU
		{B7AE272A-1E00-4F9D-AF2F-6524C13B9575}.Debug|Any CPU.ActiveCfg = Debug
		{B7AE272A-1E00-4F9D-AF2F-6524C13B9575}.Debug|x64.ActiveCfg = Debug
		{B7AE272A-1E00-4F9D-AF2F-6524C13B9575}.Debug|x86.ActiveCfg = Debug
		{B7AE272A-1E00-4F9D-AF2F-6524C13B9575}.Release|Any CPU.ActiveCfg = Release
		{B7AE272A-1E00-4F9D-AF2F-6524C13B9575}.Release|x64.ActiveCfg = Release
		{B7AE272A-1E00-4F9D-AF2F-6524C13B9575}.Release|x86.ActiveCfg = Release
	EndGlobalSection
	GlobalSection(SolutionProperties) = preSolution
		HideSolutionNode = FALSE
	EndGlobalSection
	GlobalSection(ExtensibilityGlobals) = postSolution
		SolutionGuid = {63F407D4-19DE-4354-BF74-FB9C2C67F188}
	EndGlobalSection
EndGlobal
